// !$*UTF8*$!
{
	archiveVersion = 1;
	classes = {
	};
	objectVersion = 50;
	objects = {

/* Begin PBXBuildFile section */
		3B1FFD1B2287F9EF00581BF4 /* main.cpp in Sources */ = {isa = PBXBuildFile; fileRef = 3B1FFD1A2287F9EF00581BF4 /* main.cpp */; };
		3B1FFD262287FE6400581BF4 /* main.cpp in Sources */ = {isa = PBXBuildFile; fileRef = 3B1FFD252287FE6400581BF4 /* main.cpp */; };
		3B74CBC422A93C840082B23B /* main.cpp in Sources */ = {isa = PBXBuildFile; fileRef = 3B74CBC322A93C840082B23B /* main.cpp */; };
		3B74CBD022A9417E0082B23B /* main.cpp in Sources */ = {isa = PBXBuildFile; fileRef = 3B74CBCF22A9417E0082B23B /* main.cpp */; };
		3B893D3922A674010030BB73 /* main.cpp in Sources */ = {isa = PBXBuildFile; fileRef = 3B893D3822A674010030BB73 /* main.cpp */; };
		3BA3A976245C73A5003B0E40 /* main.cpp in Sources */ = {isa = PBXBuildFile; fileRef = 3BA3A975245C73A5003B0E40 /* main.cpp */; };
		3BA3A981245C73D9003B0E40 /* main.cpp in Sources */ = {isa = PBXBuildFile; fileRef = 3BA3A980245C73D9003B0E40 /* main.cpp */; };
		3BA3A98C245C8CF5003B0E40 /* main.cpp in Sources */ = {isa = PBXBuildFile; fileRef = 3BA3A98B245C8CF5003B0E40 /* main.cpp */; };
		3BA3A998245EE6CA003B0E40 /* main.cpp in Sources */ = {isa = PBXBuildFile; fileRef = 3BA3A997245EE6CA003B0E40 /* main.cpp */; };
		3BA3A9A3245F0578003B0E40 /* main.cpp in Sources */ = {isa = PBXBuildFile; fileRef = 3BA3A9A2245F0578003B0E40 /* main.cpp */; };
		3BCBCB2D22883F9F0027905F /* main.cpp in Sources */ = {isa = PBXBuildFile; fileRef = 3BCBCB2C22883F9F0027905F /* main.cpp */; };
		3BCBCB38228863400027905F /* main.cpp in Sources */ = {isa = PBXBuildFile; fileRef = 3BCBCB37228863400027905F /* main.cpp */; };
		3BCBCB432288782D0027905F /* main.cpp in Sources */ = {isa = PBXBuildFile; fileRef = 3BCBCB422288782D0027905F /* main.cpp */; };
		3BFCD6CE2286F98E008D7CCC /* main.cpp in Sources */ = {isa = PBXBuildFile; fileRef = 3BFCD6CD2286F98E008D7CCC /* main.cpp */; };
		3BFCD6DE2287036C008D7CCC /* main.cpp in Sources */ = {isa = PBXBuildFile; fileRef = 3BFCD6DD2287036C008D7CCC /* main.cpp */; };
/* End PBXBuildFile section */

/* Begin PBXCopyFilesBuildPhase section */
		3B1FFD162287F9EF00581BF4 /* CopyFiles */ = {
			isa = PBXCopyFilesBuildPhase;
			buildActionMask = 2147483647;
			dstPath = /usr/share/man/man1/;
			dstSubfolderSpec = 0;
			files = (
			);
			runOnlyForDeploymentPostprocessing = 1;
		};
		3B1FFD212287FE6300581BF4 /* CopyFiles */ = {
			isa = PBXCopyFilesBuildPhase;
			buildActionMask = 2147483647;
			dstPath = /usr/share/man/man1/;
			dstSubfolderSpec = 0;
			files = (
			);
			runOnlyForDeploymentPostprocessing = 1;
		};
		3B74CBBF22A93C840082B23B /* CopyFiles */ = {
			isa = PBXCopyFilesBuildPhase;
			buildActionMask = 2147483647;
			dstPath = /usr/share/man/man1/;
			dstSubfolderSpec = 0;
			files = (
			);
			runOnlyForDeploymentPostprocessing = 1;
		};
		3B74CBCB22A9417E0082B23B /* CopyFiles */ = {
			isa = PBXCopyFilesBuildPhase;
			buildActionMask = 2147483647;
			dstPath = /usr/share/man/man1/;
			dstSubfolderSpec = 0;
			files = (
			);
			runOnlyForDeploymentPostprocessing = 1;
		};
		3B893D3422A674010030BB73 /* CopyFiles */ = {
			isa = PBXCopyFilesBuildPhase;
			buildActionMask = 2147483647;
			dstPath = /usr/share/man/man1/;
			dstSubfolderSpec = 0;
			files = (
			);
			runOnlyForDeploymentPostprocessing = 1;
		};
		3BA3A971245C73A5003B0E40 /* CopyFiles */ = {
			isa = PBXCopyFilesBuildPhase;
			buildActionMask = 2147483647;
			dstPath = /usr/share/man/man1/;
			dstSubfolderSpec = 0;
			files = (
			);
			runOnlyForDeploymentPostprocessing = 1;
		};
		3BA3A97C245C73D9003B0E40 /* CopyFiles */ = {
			isa = PBXCopyFilesBuildPhase;
			buildActionMask = 2147483647;
			dstPath = /usr/share/man/man1/;
			dstSubfolderSpec = 0;
			files = (
			);
			runOnlyForDeploymentPostprocessing = 1;
		};
		3BA3A987245C8CF5003B0E40 /* CopyFiles */ = {
			isa = PBXCopyFilesBuildPhase;
			buildActionMask = 2147483647;
			dstPath = /usr/share/man/man1/;
			dstSubfolderSpec = 0;
			files = (
			);
			runOnlyForDeploymentPostprocessing = 1;
		};
		3BA3A993245EE6CA003B0E40 /* CopyFiles */ = {
			isa = PBXCopyFilesBuildPhase;
			buildActionMask = 2147483647;
			dstPath = /usr/share/man/man1/;
			dstSubfolderSpec = 0;
			files = (
			);
			runOnlyForDeploymentPostprocessing = 1;
		};
		3BA3A99E245F0578003B0E40 /* CopyFiles */ = {
			isa = PBXCopyFilesBuildPhase;
			buildActionMask = 2147483647;
			dstPath = /usr/share/man/man1/;
			dstSubfolderSpec = 0;
			files = (
			);
			runOnlyForDeploymentPostprocessing = 1;
		};
		3BCBCB2822883F9E0027905F /* CopyFiles */ = {
			isa = PBXCopyFilesBuildPhase;
			buildActionMask = 2147483647;
			dstPath = /usr/share/man/man1/;
			dstSubfolderSpec = 0;
			files = (
			);
			runOnlyForDeploymentPostprocessing = 1;
		};
		3BCBCB332288633F0027905F /* CopyFiles */ = {
			isa = PBXCopyFilesBuildPhase;
			buildActionMask = 2147483647;
			dstPath = /usr/share/man/man1/;
			dstSubfolderSpec = 0;
			files = (
			);
			runOnlyForDeploymentPostprocessing = 1;
		};
		3BCBCB3E2288782D0027905F /* CopyFiles */ = {
			isa = PBXCopyFilesBuildPhase;
			buildActionMask = 2147483647;
			dstPath = /usr/share/man/man1/;
			dstSubfolderSpec = 0;
			files = (
			);
			runOnlyForDeploymentPostprocessing = 1;
		};
		3BFCD6C82286F98E008D7CCC /* CopyFiles */ = {
			isa = PBXCopyFilesBuildPhase;
			buildActionMask = 2147483647;
			dstPath = /usr/share/man/man1/;
			dstSubfolderSpec = 0;
			files = (
			);
			runOnlyForDeploymentPostprocessing = 1;
		};
		3BFCD6D92287036C008D7CCC /* CopyFiles */ = {
			isa = PBXCopyFilesBuildPhase;
			buildActionMask = 2147483647;
			dstPath = /usr/share/man/man1/;
			dstSubfolderSpec = 0;
			files = (
			);
			runOnlyForDeploymentPostprocessing = 1;
		};
/* End PBXCopyFilesBuildPhase section */

/* Begin PBXFileReference section */
		3B1FFD182287F9EF00581BF4 /* evenOdd */ = {isa = PBXFileReference; explicitFileType = "compiled.mach-o.executable"; includeInIndex = 0; path = evenOdd; sourceTree = BUILT_PRODUCTS_DIR; };
		3B1FFD1A2287F9EF00581BF4 /* main.cpp */ = {isa = PBXFileReference; lastKnownFileType = sourcecode.cpp.cpp; path = main.cpp; sourceTree = "<group>"; };
		3B1FFD232287FE6300581BF4 /* swap */ = {isa = PBXFileReference; explicitFileType = "compiled.mach-o.executable"; includeInIndex = 0; path = swap; sourceTree = BUILT_PRODUCTS_DIR; };
		3B1FFD252287FE6400581BF4 /* main.cpp */ = {isa = PBXFileReference; lastKnownFileType = sourcecode.cpp.cpp; path = main.cpp; sourceTree = "<group>"; };
		3B74CBC122A93C840082B23B /* ControlFlow */ = {isa = PBXFileReference; explicitFileType = "compiled.mach-o.executable"; includeInIndex = 0; path = ControlFlow; sourceTree = BUILT_PRODUCTS_DIR; };
		3B74CBC322A93C840082B23B /* main.cpp */ = {isa = PBXFileReference; lastKnownFileType = sourcecode.cpp.cpp; path = main.cpp; sourceTree = "<group>"; };
		3B74CBC822A93CA40082B23B /* student.h */ = {isa = PBXFileReference; lastKnownFileType = sourcecode.c.h; path = student.h; sourceTree = "<group>"; };
		3B74CBCD22A9417E0082B23B /* CounterControlled */ = {isa = PBXFileReference; explicitFileType = "compiled.mach-o.executable"; includeInIndex = 0; path = CounterControlled; sourceTree = BUILT_PRODUCTS_DIR; };
		3B74CBCF22A9417E0082B23B /* main.cpp */ = {isa = PBXFileReference; lastKnownFileType = sourcecode.cpp.cpp; path = main.cpp; sourceTree = "<group>"; };
		3B893D3622A674010030BB73 /* Classes */ = {isa = PBXFileReference; explicitFileType = "compiled.mach-o.executable"; includeInIndex = 0; path = Classes; sourceTree = BUILT_PRODUCTS_DIR; };
		3B893D3822A674010030BB73 /* main.cpp */ = {isa = PBXFileReference; lastKnownFileType = sourcecode.cpp.cpp; path = main.cpp; sourceTree = "<group>"; };
		3B893D3D22A6745A0030BB73 /* Account.h */ = {isa = PBXFileReference; lastKnownFileType = sourcecode.c.h; path = Account.h; sourceTree = "<group>"; };
		3BA3A973245C73A5003B0E40 /* PassByReference */ = {isa = PBXFileReference; explicitFileType = "compiled.mach-o.executable"; includeInIndex = 0; path = PassByReference; sourceTree = BUILT_PRODUCTS_DIR; };
		3BA3A975245C73A5003B0E40 /* main.cpp */ = {isa = PBXFileReference; lastKnownFileType = sourcecode.cpp.cpp; path = main.cpp; sourceTree = "<group>"; };
		3BA3A97E245C73D9003B0E40 /* MathLibraryFunctions */ = {isa = PBXFileReference; explicitFileType = "compiled.mach-o.executable"; includeInIndex = 0; path = MathLibraryFunctions; sourceTree = BUILT_PRODUCTS_DIR; };
		3BA3A980245C73D9003B0E40 /* main.cpp */ = {isa = PBXFileReference; lastKnownFileType = sourcecode.cpp.cpp; path = main.cpp; sourceTree = "<group>"; };
		3BA3A989245C8CF5003B0E40 /* functionTemplates */ = {isa = PBXFileReference; explicitFileType = "compiled.mach-o.executable"; includeInIndex = 0; path = functionTemplates; sourceTree = BUILT_PRODUCTS_DIR; };
		3BA3A98B245C8CF5003B0E40 /* main.cpp */ = {isa = PBXFileReference; lastKnownFileType = sourcecode.cpp.cpp; path = main.cpp; sourceTree = "<group>"; };
		3BA3A990245C8D26003B0E40 /* maximum.h */ = {isa = PBXFileReference; lastKnownFileType = sourcecode.c.h; path = maximum.h; sourceTree = "<group>"; };
		3BA3A995245EE6CA003B0E40 /* Arrays */ = {isa = PBXFileReference; explicitFileType = "compiled.mach-o.executable"; includeInIndex = 0; path = Arrays; sourceTree = BUILT_PRODUCTS_DIR; };
		3BA3A997245EE6CA003B0E40 /* main.cpp */ = {isa = PBXFileReference; lastKnownFileType = sourcecode.cpp.cpp; path = main.cpp; sourceTree = "<group>"; };
		3BA3A9A0245F0578003B0E40 /* GradeBook */ = {isa = PBXFileReference; explicitFileType = "compiled.mach-o.executable"; includeInIndex = 0; path = GradeBook; sourceTree = BUILT_PRODUCTS_DIR; };
		3BA3A9A2245F0578003B0E40 /* main.cpp */ = {isa = PBXFileReference; lastKnownFileType = sourcecode.cpp.cpp; path = main.cpp; sourceTree = "<group>"; };
		3BA3A9A7245F0615003B0E40 /* GradeBook.h */ = {isa = PBXFileReference; lastKnownFileType = sourcecode.c.h; path = GradeBook.h; sourceTree = "<group>"; };
		3BCBCB2A22883F9E0027905F /* primeNumbers */ = {isa = PBXFileReference; explicitFileType = "compiled.mach-o.executable"; includeInIndex = 0; path = primeNumbers; sourceTree = BUILT_PRODUCTS_DIR; };
		3BCBCB2C22883F9F0027905F /* main.cpp */ = {isa = PBXFileReference; lastKnownFileType = sourcecode.cpp.cpp; path = main.cpp; sourceTree = "<group>"; };
		3BCBCB352288633F0027905F /* perfectNumbers */ = {isa = PBXFileReference; explicitFileType = "compiled.mach-o.executable"; includeInIndex = 0; path = perfectNumbers; sourceTree = BUILT_PRODUCTS_DIR; };
		3BCBCB37228863400027905F /* main.cpp */ = {isa = PBXFileReference; lastKnownFileType = sourcecode.cpp.cpp; path = main.cpp; sourceTree = "<group>"; };
		3BCBCB402288782D0027905F /* factorial */ = {isa = PBXFileReference; explicitFileType = "compiled.mach-o.executable"; includeInIndex = 0; path = factorial; sourceTree = BUILT_PRODUCTS_DIR; };
		3BCBCB422288782D0027905F /* main.cpp */ = {isa = PBXFileReference; lastKnownFileType = sourcecode.cpp.cpp; path = main.cpp; sourceTree = "<group>"; };
		3BFCD6CA2286F98E008D7CCC /* Line23 */ = {isa = PBXFileReference; explicitFileType = "compiled.mach-o.executable"; includeInIndex = 0; path = Line23; sourceTree = BUILT_PRODUCTS_DIR; };
		3BFCD6CD2286F98E008D7CCC /* main.cpp */ = {isa = PBXFileReference; lastKnownFileType = sourcecode.cpp.cpp; path = main.cpp; sourceTree = "<group>"; };
		3BFCD6DB2287036C008D7CCC /* calc */ = {isa = PBXFileReference; explicitFileType = "compiled.mach-o.executable"; includeInIndex = 0; path = calc; sourceTree = BUILT_PRODUCTS_DIR; };
		3BFCD6DD2287036C008D7CCC /* main.cpp */ = {isa = PBXFileReference; lastKnownFileType = sourcecode.cpp.cpp; path = main.cpp; sourceTree = "<group>"; };
/* End PBXFileReference section */

/* Begin PBXFrameworksBuildPhase section */
		3B1FFD152287F9EF00581BF4 /* Frameworks */ = {
			isa = PBXFrameworksBuildPhase;
			buildActionMask = 2147483647;
			files = (
			);
			runOnlyForDeploymentPostprocessing = 0;
		};
		3B1FFD202287FE6300581BF4 /* Frameworks */ = {
			isa = PBXFrameworksBuildPhase;
			buildActionMask = 2147483647;
			files = (
			);
			runOnlyForDeploymentPostprocessing = 0;
		};
		3B74CBBE22A93C840082B23B /* Frameworks */ = {
			isa = PBXFrameworksBuildPhase;
			buildActionMask = 2147483647;
			files = (
			);
			runOnlyForDeploymentPostprocessing = 0;
		};
		3B74CBCA22A9417E0082B23B /* Frameworks */ = {
			isa = PBXFrameworksBuildPhase;
			buildActionMask = 2147483647;
			files = (
			);
			runOnlyForDeploymentPostprocessing = 0;
		};
		3B893D3322A674010030BB73 /* Frameworks */ = {
			isa = PBXFrameworksBuildPhase;
			buildActionMask = 2147483647;
			files = (
			);
			runOnlyForDeploymentPostprocessing = 0;
		};
		3BA3A970245C73A5003B0E40 /* Frameworks */ = {
			isa = PBXFrameworksBuildPhase;
			buildActionMask = 2147483647;
			files = (
			);
			runOnlyForDeploymentPostprocessing = 0;
		};
		3BA3A97B245C73D9003B0E40 /* Frameworks */ = {
			isa = PBXFrameworksBuildPhase;
			buildActionMask = 2147483647;
			files = (
			);
			runOnlyForDeploymentPostprocessing = 0;
		};
		3BA3A986245C8CF5003B0E40 /* Frameworks */ = {
			isa = PBXFrameworksBuildPhase;
			buildActionMask = 2147483647;
			files = (
			);
			runOnlyForDeploymentPostprocessing = 0;
		};
		3BA3A992245EE6CA003B0E40 /* Frameworks */ = {
			isa = PBXFrameworksBuildPhase;
			buildActionMask = 2147483647;
			files = (
			);
			runOnlyForDeploymentPostprocessing = 0;
		};
		3BA3A99D245F0578003B0E40 /* Frameworks */ = {
			isa = PBXFrameworksBuildPhase;
			buildActionMask = 2147483647;
			files = (
			);
			runOnlyForDeploymentPostprocessing = 0;
		};
		3BCBCB2722883F9E0027905F /* Frameworks */ = {
			isa = PBXFrameworksBuildPhase;
			buildActionMask = 2147483647;
			files = (
			);
			runOnlyForDeploymentPostprocessing = 0;
		};
		3BCBCB322288633F0027905F /* Frameworks */ = {
			isa = PBXFrameworksBuildPhase;
			buildActionMask = 2147483647;
			files = (
			);
			runOnlyForDeploymentPostprocessing = 0;
		};
		3BCBCB3D2288782D0027905F /* Frameworks */ = {
			isa = PBXFrameworksBuildPhase;
			buildActionMask = 2147483647;
			files = (
			);
			runOnlyForDeploymentPostprocessing = 0;
		};
		3BFCD6C72286F98E008D7CCC /* Frameworks */ = {
			isa = PBXFrameworksBuildPhase;
			buildActionMask = 2147483647;
			files = (
			);
			runOnlyForDeploymentPostprocessing = 0;
		};
		3BFCD6D82287036C008D7CCC /* Frameworks */ = {
			isa = PBXFrameworksBuildPhase;
			buildActionMask = 2147483647;
			files = (
			);
			runOnlyForDeploymentPostprocessing = 0;
		};
/* End PBXFrameworksBuildPhase section */

/* Begin PBXGroup section */
		3B1FFD192287F9EF00581BF4 /* evenOdd */ = {
			isa = PBXGroup;
			children = (
				3B1FFD1A2287F9EF00581BF4 /* main.cpp */,
			);
			path = evenOdd;
			sourceTree = "<group>";
		};
		3B1FFD242287FE6400581BF4 /* swap */ = {
			isa = PBXGroup;
			children = (
				3B1FFD252287FE6400581BF4 /* main.cpp */,
			);
			path = swap;
			sourceTree = "<group>";
		};
		3B74CBC222A93C840082B23B /* ControlFlow */ = {
			isa = PBXGroup;
			children = (
				3B74CBC322A93C840082B23B /* main.cpp */,
				3B74CBC822A93CA40082B23B /* student.h */,
			);
			path = ControlFlow;
			sourceTree = "<group>";
		};
		3B74CBCE22A9417E0082B23B /* CounterControlled */ = {
			isa = PBXGroup;
			children = (
				3B74CBCF22A9417E0082B23B /* main.cpp */,
			);
			path = CounterControlled;
			sourceTree = "<group>";
		};
		3B893D3722A674010030BB73 /* Classes */ = {
			isa = PBXGroup;
			children = (
				3B893D3822A674010030BB73 /* main.cpp */,
				3B893D3D22A6745A0030BB73 /* Account.h */,
			);
			path = Classes;
			sourceTree = "<group>";
		};
		3BA3A974245C73A5003B0E40 /* PassByReference */ = {
			isa = PBXGroup;
			children = (
				3BA3A975245C73A5003B0E40 /* main.cpp */,
			);
			path = PassByReference;
			sourceTree = "<group>";
		};
		3BA3A97F245C73D9003B0E40 /* MathLibraryFunctions */ = {
			isa = PBXGroup;
			children = (
				3BA3A980245C73D9003B0E40 /* main.cpp */,
			);
			path = MathLibraryFunctions;
			sourceTree = "<group>";
		};
		3BA3A98A245C8CF5003B0E40 /* functionTemplates */ = {
			isa = PBXGroup;
			children = (
				3BA3A98B245C8CF5003B0E40 /* main.cpp */,
				3BA3A990245C8D26003B0E40 /* maximum.h */,
			);
			path = functionTemplates;
			sourceTree = "<group>";
		};
		3BA3A996245EE6CA003B0E40 /* Arrays */ = {
			isa = PBXGroup;
			children = (
				3BA3A997245EE6CA003B0E40 /* main.cpp */,
			);
			path = Arrays;
			sourceTree = "<group>";
		};
		3BA3A9A1245F0578003B0E40 /* GradeBook */ = {
			isa = PBXGroup;
			children = (
				3BA3A9A2245F0578003B0E40 /* main.cpp */,
				3BA3A9A7245F0615003B0E40 /* GradeBook.h */,
			);
			path = GradeBook;
			sourceTree = "<group>";
		};
		3BCBCB2B22883F9F0027905F /* primeNumbers */ = {
			isa = PBXGroup;
			children = (
				3BCBCB2C22883F9F0027905F /* main.cpp */,
			);
			path = primeNumbers;
			sourceTree = "<group>";
		};
		3BCBCB36228863400027905F /* perfectNumbers */ = {
			isa = PBXGroup;
			children = (
				3BCBCB37228863400027905F /* main.cpp */,
			);
			path = perfectNumbers;
			sourceTree = "<group>";
		};
		3BCBCB412288782D0027905F /* factorial */ = {
			isa = PBXGroup;
			children = (
				3BCBCB422288782D0027905F /* main.cpp */,
			);
			path = factorial;
			sourceTree = "<group>";
		};
		3BFCD6C12286F98E008D7CCC = {
			isa = PBXGroup;
			children = (
				3BFCD6CC2286F98E008D7CCC /* Hello world */,
				3BFCD6DC2287036C008D7CCC /* calc */,
				3B1FFD192287F9EF00581BF4 /* evenOdd */,
				3B1FFD242287FE6400581BF4 /* swap */,
				3BCBCB2B22883F9F0027905F /* primeNumbers */,
				3BCBCB36228863400027905F /* perfectNumbers */,
				3BCBCB412288782D0027905F /* factorial */,
				3B893D3722A674010030BB73 /* Classes */,
				3B74CBC222A93C840082B23B /* ControlFlow */,
				3B74CBCE22A9417E0082B23B /* CounterControlled */,
				3BA3A974245C73A5003B0E40 /* PassByReference */,
				3BA3A97F245C73D9003B0E40 /* MathLibraryFunctions */,
				3BA3A98A245C8CF5003B0E40 /* functionTemplates */,
				3BA3A996245EE6CA003B0E40 /* Arrays */,
				3BA3A9A1245F0578003B0E40 /* GradeBook */,
				3BFCD6CB2286F98E008D7CCC /* Products */,
			);
			sourceTree = "<group>";
		};
		3BFCD6CB2286F98E008D7CCC /* Products */ = {
			isa = PBXGroup;
			children = (
				3BFCD6CA2286F98E008D7CCC /* Line23 */,
				3BFCD6DB2287036C008D7CCC /* calc */,
				3B1FFD182287F9EF00581BF4 /* evenOdd */,
				3B1FFD232287FE6300581BF4 /* swap */,
				3BCBCB2A22883F9E0027905F /* primeNumbers */,
				3BCBCB352288633F0027905F /* perfectNumbers */,
				3BCBCB402288782D0027905F /* factorial */,
				3B893D3622A674010030BB73 /* Classes */,
				3B74CBC122A93C840082B23B /* ControlFlow */,
				3B74CBCD22A9417E0082B23B /* CounterControlled */,
				3BA3A973245C73A5003B0E40 /* PassByReference */,
				3BA3A97E245C73D9003B0E40 /* MathLibraryFunctions */,
				3BA3A989245C8CF5003B0E40 /* functionTemplates */,
				3BA3A995245EE6CA003B0E40 /* Arrays */,
				3BA3A9A0245F0578003B0E40 /* GradeBook */,
			);
			name = Products;
			sourceTree = "<group>";
		};
		3BFCD6CC2286F98E008D7CCC /* Hello world */ = {
			isa = PBXGroup;
			children = (
				3BFCD6CD2286F98E008D7CCC /* main.cpp */,
			);
			path = "Hello world";
			sourceTree = "<group>";
		};
		3BFCD6DC2287036C008D7CCC /* calc */ = {
			isa = PBXGroup;
			children = (
				3BFCD6DD2287036C008D7CCC /* main.cpp */,
			);
			path = calc;
			sourceTree = "<group>";
		};
/* End PBXGroup section */

/* Begin PBXNativeTarget section */
		3B1FFD172287F9EF00581BF4 /* evenOdd */ = {
			isa = PBXNativeTarget;
			buildConfigurationList = 3B1FFD1E2287F9EF00581BF4 /* Build configuration list for PBXNativeTarget "evenOdd" */;
			buildPhases = (
				3B1FFD142287F9EF00581BF4 /* Sources */,
				3B1FFD152287F9EF00581BF4 /* Frameworks */,
				3B1FFD162287F9EF00581BF4 /* CopyFiles */,
			);
			buildRules = (
			);
			dependencies = (
			);
			name = evenOdd;
			productName = evenOdd;
			productReference = 3B1FFD182287F9EF00581BF4 /* evenOdd */;
			productType = "com.apple.product-type.tool";
		};
		3B1FFD222287FE6300581BF4 /* swap */ = {
			isa = PBXNativeTarget;
			buildConfigurationList = 3B1FFD272287FE6400581BF4 /* Build configuration list for PBXNativeTarget "swap" */;
			buildPhases = (
				3B1FFD1F2287FE6300581BF4 /* Sources */,
				3B1FFD202287FE6300581BF4 /* Frameworks */,
				3B1FFD212287FE6300581BF4 /* CopyFiles */,
			);
			buildRules = (
			);
			dependencies = (
			);
			name = swap;
			productName = swap;
			productReference = 3B1FFD232287FE6300581BF4 /* swap */;
			productType = "com.apple.product-type.tool";
		};
		3B74CBC022A93C840082B23B /* ControlFlow */ = {
			isa = PBXNativeTarget;
			buildConfigurationList = 3B74CBC722A93C840082B23B /* Build configuration list for PBXNativeTarget "ControlFlow" */;
			buildPhases = (
				3B74CBBD22A93C840082B23B /* Sources */,
				3B74CBBE22A93C840082B23B /* Frameworks */,
				3B74CBBF22A93C840082B23B /* CopyFiles */,
			);
			buildRules = (
			);
			dependencies = (
			);
			name = ControlFlow;
			productName = ControlFlow;
			productReference = 3B74CBC122A93C840082B23B /* ControlFlow */;
			productType = "com.apple.product-type.tool";
		};
		3B74CBCC22A9417E0082B23B /* CounterControlled */ = {
			isa = PBXNativeTarget;
			buildConfigurationList = 3B74CBD122A9417E0082B23B /* Build configuration list for PBXNativeTarget "CounterControlled" */;
			buildPhases = (
				3B74CBC922A9417E0082B23B /* Sources */,
				3B74CBCA22A9417E0082B23B /* Frameworks */,
				3B74CBCB22A9417E0082B23B /* CopyFiles */,
			);
			buildRules = (
			);
			dependencies = (
			);
			name = CounterControlled;
			productName = CounterControlled;
			productReference = 3B74CBCD22A9417E0082B23B /* CounterControlled */;
			productType = "com.apple.product-type.tool";
		};
		3B893D3522A674010030BB73 /* Classes */ = {
			isa = PBXNativeTarget;
			buildConfigurationList = 3B893D3A22A674010030BB73 /* Build configuration list for PBXNativeTarget "Classes" */;
			buildPhases = (
				3B893D3222A674010030BB73 /* Sources */,
				3B893D3322A674010030BB73 /* Frameworks */,
				3B893D3422A674010030BB73 /* CopyFiles */,
			);
			buildRules = (
			);
			dependencies = (
			);
			name = Classes;
			productName = Classes;
			productReference = 3B893D3622A674010030BB73 /* Classes */;
			productType = "com.apple.product-type.tool";
		};
		3BA3A972245C73A5003B0E40 /* PassByReference */ = {
			isa = PBXNativeTarget;
			buildConfigurationList = 3BA3A979245C73A5003B0E40 /* Build configuration list for PBXNativeTarget "PassByReference" */;
			buildPhases = (
				3BA3A96F245C73A5003B0E40 /* Sources */,
				3BA3A970245C73A5003B0E40 /* Frameworks */,
				3BA3A971245C73A5003B0E40 /* CopyFiles */,
			);
			buildRules = (
			);
			dependencies = (
			);
			name = PassByReference;
			productName = PassByReference;
			productReference = 3BA3A973245C73A5003B0E40 /* PassByReference */;
			productType = "com.apple.product-type.tool";
		};
		3BA3A97D245C73D9003B0E40 /* MathLibraryFunctions */ = {
			isa = PBXNativeTarget;
			buildConfigurationList = 3BA3A982245C73D9003B0E40 /* Build configuration list for PBXNativeTarget "MathLibraryFunctions" */;
			buildPhases = (
				3BA3A97A245C73D9003B0E40 /* Sources */,
				3BA3A97B245C73D9003B0E40 /* Frameworks */,
				3BA3A97C245C73D9003B0E40 /* CopyFiles */,
			);
			buildRules = (
			);
			dependencies = (
			);
			name = MathLibraryFunctions;
			productName = MathLibraryFunctions;
			productReference = 3BA3A97E245C73D9003B0E40 /* MathLibraryFunctions */;
			productType = "com.apple.product-type.tool";
		};
		3BA3A988245C8CF5003B0E40 /* functionTemplates */ = {
			isa = PBXNativeTarget;
			buildConfigurationList = 3BA3A98D245C8CF5003B0E40 /* Build configuration list for PBXNativeTarget "functionTemplates" */;
			buildPhases = (
				3BA3A985245C8CF5003B0E40 /* Sources */,
				3BA3A986245C8CF5003B0E40 /* Frameworks */,
				3BA3A987245C8CF5003B0E40 /* CopyFiles */,
			);
			buildRules = (
			);
			dependencies = (
			);
			name = functionTemplates;
			productName = functionTemplates;
			productReference = 3BA3A989245C8CF5003B0E40 /* functionTemplates */;
			productType = "com.apple.product-type.tool";
		};
		3BA3A994245EE6CA003B0E40 /* Arrays */ = {
			isa = PBXNativeTarget;
			buildConfigurationList = 3BA3A99B245EE6CA003B0E40 /* Build configuration list for PBXNativeTarget "Arrays" */;
			buildPhases = (
				3BA3A991245EE6CA003B0E40 /* Sources */,
				3BA3A992245EE6CA003B0E40 /* Frameworks */,
				3BA3A993245EE6CA003B0E40 /* CopyFiles */,
			);
			buildRules = (
			);
			dependencies = (
			);
			name = Arrays;
			productName = Arrays;
			productReference = 3BA3A995245EE6CA003B0E40 /* Arrays */;
			productType = "com.apple.product-type.tool";
		};
		3BA3A99F245F0578003B0E40 /* GradeBook */ = {
			isa = PBXNativeTarget;
			buildConfigurationList = 3BA3A9A4245F0578003B0E40 /* Build configuration list for PBXNativeTarget "GradeBook" */;
			buildPhases = (
				3BA3A99C245F0578003B0E40 /* Sources */,
				3BA3A99D245F0578003B0E40 /* Frameworks */,
				3BA3A99E245F0578003B0E40 /* CopyFiles */,
			);
			buildRules = (
			);
			dependencies = (
			);
			name = GradeBook;
			productName = GradeBook;
			productReference = 3BA3A9A0245F0578003B0E40 /* GradeBook */;
			productType = "com.apple.product-type.tool";
		};
		3BCBCB2922883F9E0027905F /* primeNumbers */ = {
			isa = PBXNativeTarget;
			buildConfigurationList = 3BCBCB3022883F9F0027905F /* Build configuration list for PBXNativeTarget "primeNumbers" */;
			buildPhases = (
				3BCBCB2622883F9E0027905F /* Sources */,
				3BCBCB2722883F9E0027905F /* Frameworks */,
				3BCBCB2822883F9E0027905F /* CopyFiles */,
			);
			buildRules = (
			);
			dependencies = (
			);
			name = primeNumbers;
			productName = primeNumbers;
			productReference = 3BCBCB2A22883F9E0027905F /* primeNumbers */;
			productType = "com.apple.product-type.tool";
		};
		3BCBCB342288633F0027905F /* perfectNumbers */ = {
			isa = PBXNativeTarget;
			buildConfigurationList = 3BCBCB3B228863400027905F /* Build configuration list for PBXNativeTarget "perfectNumbers" */;
			buildPhases = (
				3BCBCB312288633F0027905F /* Sources */,
				3BCBCB322288633F0027905F /* Frameworks */,
				3BCBCB332288633F0027905F /* CopyFiles */,
			);
			buildRules = (
			);
			dependencies = (
			);
			name = perfectNumbers;
			productName = perfectNumbers;
			productReference = 3BCBCB352288633F0027905F /* perfectNumbers */;
			productType = "com.apple.product-type.tool";
		};
		3BCBCB3F2288782D0027905F /* factorial */ = {
			isa = PBXNativeTarget;
			buildConfigurationList = 3BCBCB442288782D0027905F /* Build configuration list for PBXNativeTarget "factorial" */;
			buildPhases = (
				3BCBCB3C2288782D0027905F /* Sources */,
				3BCBCB3D2288782D0027905F /* Frameworks */,
				3BCBCB3E2288782D0027905F /* CopyFiles */,
			);
			buildRules = (
			);
			dependencies = (
			);
			name = factorial;
			productName = factorial;
			productReference = 3BCBCB402288782D0027905F /* factorial */;
			productType = "com.apple.product-type.tool";
		};
		3BFCD6C92286F98E008D7CCC /* Line23 */ = {
			isa = PBXNativeTarget;
			buildConfigurationList = 3BFCD6D12286F98E008D7CCC /* Build configuration list for PBXNativeTarget "Line23" */;
			buildPhases = (
				3BFCD6C62286F98E008D7CCC /* Sources */,
				3BFCD6C72286F98E008D7CCC /* Frameworks */,
				3BFCD6C82286F98E008D7CCC /* CopyFiles */,
			);
			buildRules = (
			);
			dependencies = (
			);
			name = Line23;
			productName = Line23;
			productReference = 3BFCD6CA2286F98E008D7CCC /* Line23 */;
			productType = "com.apple.product-type.tool";
		};
		3BFCD6DA2287036C008D7CCC /* calc */ = {
			isa = PBXNativeTarget;
			buildConfigurationList = 3BFCD6DF2287036C008D7CCC /* Build configuration list for PBXNativeTarget "calc" */;
			buildPhases = (
				3BFCD6D72287036C008D7CCC /* Sources */,
				3BFCD6D82287036C008D7CCC /* Frameworks */,
				3BFCD6D92287036C008D7CCC /* CopyFiles */,
			);
			buildRules = (
			);
			dependencies = (
			);
			name = calc;
			productName = calc;
			productReference = 3BFCD6DB2287036C008D7CCC /* calc */;
			productType = "com.apple.product-type.tool";
		};
/* End PBXNativeTarget section */

/* Begin PBXProject section */
		3BFCD6C22286F98E008D7CCC /* Project object */ = {
			isa = PBXProject;
			attributes = {
				LastSwiftUpdateCheck = 1010;
				LastUpgradeCheck = 1020;
				ORGANIZATIONNAME = line23;
				TargetAttributes = {
					3B1FFD172287F9EF00581BF4 = {
						CreatedOnToolsVersion = 10.2.1;
					};
					3B1FFD222287FE6300581BF4 = {
						CreatedOnToolsVersion = 10.2.1;
					};
					3B74CBC022A93C840082B23B = {
						CreatedOnToolsVersion = 10.1;
					};
					3B74CBCC22A9417E0082B23B = {
						CreatedOnToolsVersion = 10.1;
					};
					3B893D3522A674010030BB73 = {
						CreatedOnToolsVersion = 10.1;
					};
					3BA3A972245C73A5003B0E40 = {
						CreatedOnToolsVersion = 11.2.1;
					};
					3BA3A97D245C73D9003B0E40 = {
						CreatedOnToolsVersion = 11.2.1;
					};
					3BA3A988245C8CF5003B0E40 = {
						CreatedOnToolsVersion = 11.2.1;
					};
					3BA3A994245EE6CA003B0E40 = {
						CreatedOnToolsVersion = 11.2.1;
					};
					3BA3A99F245F0578003B0E40 = {
						CreatedOnToolsVersion = 11.2.1;
					};
					3BCBCB2922883F9E0027905F = {
						CreatedOnToolsVersion = 10.2.1;
					};
					3BCBCB342288633F0027905F = {
						CreatedOnToolsVersion = 10.2.1;
					};
					3BCBCB3F2288782D0027905F = {
						CreatedOnToolsVersion = 10.2.1;
					};
					3BFCD6C92286F98E008D7CCC = {
						CreatedOnToolsVersion = 10.2.1;
					};
					3BFCD6DA2287036C008D7CCC = {
						CreatedOnToolsVersion = 10.2.1;
					};
				};
			};
			buildConfigurationList = 3BFCD6C52286F98E008D7CCC /* Build configuration list for PBXProject "Line23" */;
			compatibilityVersion = "Xcode 9.3";
			developmentRegion = en;
			hasScannedForEncodings = 0;
			knownRegions = (
				en,
			);
			mainGroup = 3BFCD6C12286F98E008D7CCC;
			productRefGroup = 3BFCD6CB2286F98E008D7CCC /* Products */;
			projectDirPath = "";
			projectRoot = "";
			targets = (
				3BFCD6C92286F98E008D7CCC /* Line23 */,
				3BFCD6DA2287036C008D7CCC /* calc */,
				3B1FFD172287F9EF00581BF4 /* evenOdd */,
				3B1FFD222287FE6300581BF4 /* swap */,
				3BCBCB2922883F9E0027905F /* primeNumbers */,
				3BCBCB342288633F0027905F /* perfectNumbers */,
				3BCBCB3F2288782D0027905F /* factorial */,
				3B893D3522A674010030BB73 /* Classes */,
				3B74CBC022A93C840082B23B /* ControlFlow */,
				3B74CBCC22A9417E0082B23B /* CounterControlled */,
				3BA3A972245C73A5003B0E40 /* PassByReference */,
				3BA3A97D245C73D9003B0E40 /* MathLibraryFunctions */,
				3BA3A988245C8CF5003B0E40 /* functionTemplates */,
				3BA3A994245EE6CA003B0E40 /* Arrays */,
				3BA3A99F245F0578003B0E40 /* GradeBook */,
			);
		};
/* End PBXProject section */

/* Begin PBXSourcesBuildPhase section */
		3B1FFD142287F9EF00581BF4 /* Sources */ = {
			isa = PBXSourcesBuildPhase;
			buildActionMask = 2147483647;
			files = (
				3B1FFD1B2287F9EF00581BF4 /* main.cpp in Sources */,
			);
			runOnlyForDeploymentPostprocessing = 0;
		};
		3B1FFD1F2287FE6300581BF4 /* Sources */ = {
			isa = PBXSourcesBuildPhase;
			buildActionMask = 2147483647;
			files = (
				3B1FFD262287FE6400581BF4 /* main.cpp in Sources */,
			);
			runOnlyForDeploymentPostprocessing = 0;
		};
		3B74CBBD22A93C840082B23B /* Sources */ = {
			isa = PBXSourcesBuildPhase;
			buildActionMask = 2147483647;
			files = (
				3B74CBC422A93C840082B23B /* main.cpp in Sources */,
			);
			runOnlyForDeploymentPostprocessing = 0;
		};
		3B74CBC922A9417E0082B23B /* Sources */ = {
			isa = PBXSourcesBuildPhase;
			buildActionMask = 2147483647;
			files = (
				3B74CBD022A9417E0082B23B /* main.cpp in Sources */,
			);
			runOnlyForDeploymentPostprocessing = 0;
		};
		3B893D3222A674010030BB73 /* Sources */ = {
			isa = PBXSourcesBuildPhase;
			buildActionMask = 2147483647;
			files = (
				3B893D3922A674010030BB73 /* main.cpp in Sources */,
			);
			runOnlyForDeploymentPostprocessing = 0;
		};
		3BA3A96F245C73A5003B0E40 /* Sources */ = {
			isa = PBXSourcesBuildPhase;
			buildActionMask = 2147483647;
			files = (
				3BA3A976245C73A5003B0E40 /* main.cpp in Sources */,
			);
			runOnlyForDeploymentPostprocessing = 0;
		};
		3BA3A97A245C73D9003B0E40 /* Sources */ = {
			isa = PBXSourcesBuildPhase;
			buildActionMask = 2147483647;
			files = (
				3BA3A981245C73D9003B0E40 /* main.cpp in Sources */,
			);
			runOnlyForDeploymentPostprocessing = 0;
		};
		3BA3A985245C8CF5003B0E40 /* Sources */ = {
			isa = PBXSourcesBuildPhase;
			buildActionMask = 2147483647;
			files = (
				3BA3A98C245C8CF5003B0E40 /* main.cpp in Sources */,
			);
			runOnlyForDeploymentPostprocessing = 0;
		};
		3BA3A991245EE6CA003B0E40 /* Sources */ = {
			isa = PBXSourcesBuildPhase;
			buildActionMask = 2147483647;
			files = (
				3BA3A998245EE6CA003B0E40 /* main.cpp in Sources */,
			);
			runOnlyForDeploymentPostprocessing = 0;
		};
		3BA3A99C245F0578003B0E40 /* Sources */ = {
			isa = PBXSourcesBuildPhase;
			buildActionMask = 2147483647;
			files = (
				3BA3A9A3245F0578003B0E40 /* main.cpp in Sources */,
			);
			runOnlyForDeploymentPostprocessing = 0;
		};
		3BCBCB2622883F9E0027905F /* Sources */ = {
			isa = PBXSourcesBuildPhase;
			buildActionMask = 2147483647;
			files = (
				3BCBCB2D22883F9F0027905F /* main.cpp in Sources */,
			);
			runOnlyForDeploymentPostprocessing = 0;
		};
		3BCBCB312288633F0027905F /* Sources */ = {
			isa = PBXSourcesBuildPhase;
			buildActionMask = 2147483647;
			files = (
				3BCBCB38228863400027905F /* main.cpp in Sources */,
			);
			runOnlyForDeploymentPostprocessing = 0;
		};
		3BCBCB3C2288782D0027905F /* Sources */ = {
			isa = PBXSourcesBuildPhase;
			buildActionMask = 2147483647;
			files = (
				3BCBCB432288782D0027905F /* main.cpp in Sources */,
			);
			runOnlyForDeploymentPostprocessing = 0;
		};
		3BFCD6C62286F98E008D7CCC /* Sources */ = {
			isa = PBXSourcesBuildPhase;
			buildActionMask = 2147483647;
			files = (
				3BFCD6CE2286F98E008D7CCC /* main.cpp in Sources */,
			);
			runOnlyForDeploymentPostprocessing = 0;
		};
		3BFCD6D72287036C008D7CCC /* Sources */ = {
			isa = PBXSourcesBuildPhase;
			buildActionMask = 2147483647;
			files = (
				3BFCD6DE2287036C008D7CCC /* main.cpp in Sources */,
			);
			runOnlyForDeploymentPostprocessing = 0;
		};
/* End PBXSourcesBuildPhase section */

/* Begin XCBuildConfiguration section */
		3B1FFD1C2287F9EF00581BF4 /* Debug */ = {
			isa = XCBuildConfiguration;
			buildSettings = {
				CODE_SIGN_STYLE = Automatic;
				PRODUCT_NAME = "$(TARGET_NAME)";
			};
			name = Debug;
		};
		3B1FFD1D2287F9EF00581BF4 /* Release */ = {
			isa = XCBuildConfiguration;
			buildSettings = {
				CODE_SIGN_STYLE = Automatic;
				PRODUCT_NAME = "$(TARGET_NAME)";
			};
			name = Release;
		};
		3B1FFD282287FE6400581BF4 /* Debug */ = {
			isa = XCBuildConfiguration;
			buildSettings = {
				CODE_SIGN_STYLE = Automatic;
				PRODUCT_NAME = "$(TARGET_NAME)";
			};
			name = Debug;
		};
		3B1FFD292287FE6400581BF4 /* Release */ = {
			isa = XCBuildConfiguration;
			buildSettings = {
				CODE_SIGN_STYLE = Automatic;
				PRODUCT_NAME = "$(TARGET_NAME)";
			};
			name = Release;
		};
		3B74CBC522A93C840082B23B /* Debug */ = {
			isa = XCBuildConfiguration;
			buildSettings = {
				CODE_SIGN_STYLE = Automatic;
				PRODUCT_NAME = "$(TARGET_NAME)";
			};
			name = Debug;
		};
		3B74CBC622A93C840082B23B /* Release */ = {
			isa = XCBuildConfiguration;
			buildSettings = {
				CODE_SIGN_STYLE = Automatic;
				PRODUCT_NAME = "$(TARGET_NAME)";
			};
			name = Release;
		};
		3B74CBD222A9417E0082B23B /* Debug */ = {
			isa = XCBuildConfiguration;
			buildSettings = {
				CODE_SIGN_STYLE = Automatic;
				PRODUCT_NAME = "$(TARGET_NAME)";
			};
			name = Debug;
		};
		3B74CBD322A9417E0082B23B /* Release */ = {
			isa = XCBuildConfiguration;
			buildSettings = {
				CODE_SIGN_STYLE = Automatic;
				PRODUCT_NAME = "$(TARGET_NAME)";
			};
			name = Release;
		};
		3B893D3B22A674010030BB73 /* Debug */ = {
			isa = XCBuildConfiguration;
			buildSettings = {
				CODE_SIGN_STYLE = Automatic;
				PRODUCT_NAME = "$(TARGET_NAME)";
			};
			name = Debug;
		};
		3B893D3C22A674010030BB73 /* Release */ = {
			isa = XCBuildConfiguration;
			buildSettings = {
				CODE_SIGN_STYLE = Automatic;
				PRODUCT_NAME = "$(TARGET_NAME)";
			};
			name = Release;
		};
		3BA3A977245C73A5003B0E40 /* Debug */ = {
			isa = XCBuildConfiguration;
			buildSettings = {
				CODE_SIGN_STYLE = Automatic;
				MACOSX_DEPLOYMENT_TARGET = 10.15;
				PRODUCT_NAME = "$(TARGET_NAME)";
			};
			name = Debug;
		};
		3BA3A978245C73A5003B0E40 /* Release */ = {
			isa = XCBuildConfiguration;
			buildSettings = {
				CODE_SIGN_STYLE = Automatic;
				MACOSX_DEPLOYMENT_TARGET = 10.15;
				PRODUCT_NAME = "$(TARGET_NAME)";
			};
			name = Release;
		};
		3BA3A983245C73D9003B0E40 /* Debug */ = {
			isa = XCBuildConfiguration;
			buildSettings = {
				CODE_SIGN_STYLE = Automatic;
				MACOSX_DEPLOYMENT_TARGET = 10.15;
				PRODUCT_NAME = "$(TARGET_NAME)";
			};
			name = Debug;
		};
		3BA3A984245C73D9003B0E40 /* Release */ = {
			isa = XCBuildConfiguration;
			buildSettings = {
				CODE_SIGN_STYLE = Automatic;
				MACOSX_DEPLOYMENT_TARGET = 10.15;
				PRODUCT_NAME = "$(TARGET_NAME)";
			};
			name = Release;
		};
		3BA3A98E245C8CF5003B0E40 /* Debug */ = {
			isa = XCBuildConfiguration;
			buildSettings = {
				CODE_SIGN_STYLE = Automatic;
				MACOSX_DEPLOYMENT_TARGET = 10.15;
				PRODUCT_NAME = "$(TARGET_NAME)";
			};
			name = Debug;
		};
		3BA3A98F245C8CF5003B0E40 /* Release */ = {
			isa = XCBuildConfiguration;
			buildSettings = {
				CODE_SIGN_STYLE = Automatic;
				MACOSX_DEPLOYMENT_TARGET = 10.15;
				PRODUCT_NAME = "$(TARGET_NAME)";
			};
			name = Release;
		};
		3BA3A999245EE6CA003B0E40 /* Debug */ = {
			isa = XCBuildConfiguration;
			buildSettings = {
				CODE_SIGN_STYLE = Automatic;
				MACOSX_DEPLOYMENT_TARGET = 10.15;
				PRODUCT_NAME = "$(TARGET_NAME)";
			};
			name = Debug;
		};
		3BA3A99A245EE6CA003B0E40 /* Release */ = {
			isa = XCBuildConfiguration;
			buildSettings = {
				CODE_SIGN_STYLE = Automatic;
				MACOSX_DEPLOYMENT_TARGET = 10.15;
				PRODUCT_NAME = "$(TARGET_NAME)";
			};
			name = Release;
		};
		3BA3A9A5245F0578003B0E40 /* Debug */ = {
			isa = XCBuildConfiguration;
			buildSettings = {
				CODE_SIGN_STYLE = Automatic;
				MACOSX_DEPLOYMENT_TARGET = 10.15;
				PRODUCT_NAME = "$(TARGET_NAME)";
			};
			name = Debug;
		};
		3BA3A9A6245F0578003B0E40 /* Release */ = {
			isa = XCBuildConfiguration;
			buildSettings = {
				CODE_SIGN_STYLE = Automatic;
				MACOSX_DEPLOYMENT_TARGET = 10.15;
				PRODUCT_NAME = "$(TARGET_NAME)";
			};
			name = Release;
		};
		3BCBCB2E22883F9F0027905F /* Debug */ = {
			isa = XCBuildConfiguration;
			buildSettings = {
				CODE_SIGN_STYLE = Automatic;
				PRODUCT_NAME = "$(TARGET_NAME)";
			};
			name = Debug;
		};
		3BCBCB2F22883F9F0027905F /* Release */ = {
			isa = XCBuildConfiguration;
			buildSettings = {
				CODE_SIGN_STYLE = Automatic;
				PRODUCT_NAME = "$(TARGET_NAME)";
			};
			name = Release;
		};
		3BCBCB39228863400027905F /* Debug */ = {
			isa = XCBuildConfiguration;
			buildSettings = {
				CODE_SIGN_STYLE = Automatic;
				PRODUCT_NAME = "$(TARGET_NAME)";
			};
			name = Debug;
		};
		3BCBCB3A228863400027905F /* Release */ = {
			isa = XCBuildConfiguration;
			buildSettings = {
				CODE_SIGN_STYLE = Automatic;
				PRODUCT_NAME = "$(TARGET_NAME)";
			};
			name = Release;
		};
		3BCBCB452288782D0027905F /* Debug */ = {
			isa = XCBuildConfiguration;
			buildSettings = {
				CODE_SIGN_STYLE = Automatic;
				PRODUCT_NAME = "$(TARGET_NAME)";
			};
			name = Debug;
		};
		3BCBCB462288782D0027905F /* Release */ = {
			isa = XCBuildConfiguration;
			buildSettings = {
				CODE_SIGN_STYLE = Automatic;
				PRODUCT_NAME = "$(TARGET_NAME)";
			};
			name = Release;
		};
		3BFCD6CF2286F98E008D7CCC /* Debug */ = {
			isa = XCBuildConfiguration;
			buildSettings = {
				ALWAYS_SEARCH_USER_PATHS = NO;
				CLANG_ANALYZER_NONNULL = YES;
				CLANG_ANALYZER_NUMBER_OBJECT_CONVERSION = YES_AGGRESSIVE;
				CLANG_CXX_LANGUAGE_STANDARD = "gnu++14";
				CLANG_CXX_LIBRARY = "libc++";
				CLANG_ENABLE_MODULES = YES;
				CLANG_ENABLE_OBJC_ARC = YES;
				CLANG_ENABLE_OBJC_WEAK = YES;
				CLANG_WARN_BLOCK_CAPTURE_AUTORELEASING = YES;
				CLANG_WARN_BOOL_CONVERSION = YES;
				CLANG_WARN_COMMA = YES;
				CLANG_WARN_CONSTANT_CONVERSION = YES;
				CLANG_WARN_DEPRECATED_OBJC_IMPLEMENTATIONS = YES;
				CLANG_WARN_DIRECT_OBJC_ISA_USAGE = YES_ERROR;
				CLANG_WARN_DOCUMENTATION_COMMENTS = YES;
				CLANG_WARN_EMPTY_BODY = YES;
				CLANG_WARN_ENUM_CONVERSION = YES;
				CLANG_WARN_INFINITE_RECURSION = YES;
				CLANG_WARN_INT_CONVERSION = YES;
				CLANG_WARN_NON_LITERAL_NULL_CONVERSION = YES;
				CLANG_WARN_OBJC_IMPLICIT_RETAIN_SELF = YES;
				CLANG_WARN_OBJC_LITERAL_CONVERSION = YES;
				CLANG_WARN_OBJC_ROOT_CLASS = YES_ERROR;
				CLANG_WARN_RANGE_LOOP_ANALYSIS = YES;
				CLANG_WARN_STRICT_PROTOTYPES = YES;
				CLANG_WARN_SUSPICIOUS_MOVE = YES;
				CLANG_WARN_UNGUARDED_AVAILABILITY = YES_AGGRESSIVE;
				CLANG_WARN_UNREACHABLE_CODE = YES;
				CLANG_WARN__DUPLICATE_METHOD_MATCH = YES;
				CODE_SIGN_IDENTITY = "-";
				COPY_PHASE_STRIP = NO;
				DEBUG_INFORMATION_FORMAT = dwarf;
				ENABLE_STRICT_OBJC_MSGSEND = YES;
				ENABLE_TESTABILITY = YES;
				GCC_C_LANGUAGE_STANDARD = gnu11;
				GCC_DYNAMIC_NO_PIC = NO;
				GCC_NO_COMMON_BLOCKS = YES;
				GCC_OPTIMIZATION_LEVEL = 0;
				GCC_PREPROCESSOR_DEFINITIONS = (
					"DEBUG=1",
					"$(inherited)",
				);
				GCC_WARN_64_TO_32_BIT_CONVERSION = YES;
				GCC_WARN_ABOUT_RETURN_TYPE = YES_ERROR;
				GCC_WARN_UNDECLARED_SELECTOR = YES;
				GCC_WARN_UNINITIALIZED_AUTOS = YES_AGGRESSIVE;
				GCC_WARN_UNUSED_FUNCTION = YES;
				GCC_WARN_UNUSED_VARIABLE = YES;
				MACOSX_DEPLOYMENT_TARGET = 10.14;
				MTL_ENABLE_DEBUG_INFO = INCLUDE_SOURCE;
				MTL_FAST_MATH = YES;
				ONLY_ACTIVE_ARCH = YES;
				SDKROOT = macosx;
			};
			name = Debug;
		};
		3BFCD6D02286F98E008D7CCC /* Release */ = {
			isa = XCBuildConfiguration;
			buildSettings = {
				ALWAYS_SEARCH_USER_PATHS = NO;
				CLANG_ANALYZER_NONNULL = YES;
				CLANG_ANALYZER_NUMBER_OBJECT_CONVERSION = YES_AGGRESSIVE;
				CLANG_CXX_LANGUAGE_STANDARD = "gnu++14";
				CLANG_CXX_LIBRARY = "libc++";
				CLANG_ENABLE_MODULES = YES;
				CLANG_ENABLE_OBJC_ARC = YES;
				CLANG_ENABLE_OBJC_WEAK = YES;
				CLANG_WARN_BLOCK_CAPTURE_AUTORELEASING = YES;
				CLANG_WARN_BOOL_CONVERSION = YES;
				CLANG_WARN_COMMA = YES;
				CLANG_WARN_CONSTANT_CONVERSION = YES;
				CLANG_WARN_DEPRECATED_OBJC_IMPLEMENTATIONS = YES;
				CLANG_WARN_DIRECT_OBJC_ISA_USAGE = YES_ERROR;
				CLANG_WARN_DOCUMENTATION_COMMENTS = YES;
				CLANG_WARN_EMPTY_BODY = YES;
				CLANG_WARN_ENUM_CONVERSION = YES;
				CLANG_WARN_INFINITE_RECURSION = YES;
				CLANG_WARN_INT_CONVERSION = YES;
				CLANG_WARN_NON_LITERAL_NULL_CONVERSION = YES;
				CLANG_WARN_OBJC_IMPLICIT_RETAIN_SELF = YES;
				CLANG_WARN_OBJC_LITERAL_CONVERSION = YES;
				CLANG_WARN_OBJC_ROOT_CLASS = YES_ERROR;
				CLANG_WARN_RANGE_LOOP_ANALYSIS = YES;
				CLANG_WARN_STRICT_PROTOTYPES = YES;
				CLANG_WARN_SUSPICIOUS_MOVE = YES;
				CLANG_WARN_UNGUARDED_AVAILABILITY = YES_AGGRESSIVE;
				CLANG_WARN_UNREACHABLE_CODE = YES;
				CLANG_WARN__DUPLICATE_METHOD_MATCH = YES;
				CODE_SIGN_IDENTITY = "-";
				COPY_PHASE_STRIP = NO;
				DEBUG_INFORMATION_FORMAT = "dwarf-with-dsym";
				ENABLE_NS_ASSERTIONS = NO;
				ENABLE_STRICT_OBJC_MSGSEND = YES;
				GCC_C_LANGUAGE_STANDARD = gnu11;
				GCC_NO_COMMON_BLOCKS = YES;
				GCC_WARN_64_TO_32_BIT_CONVERSION = YES;
				GCC_WARN_ABOUT_RETURN_TYPE = YES_ERROR;
				GCC_WARN_UNDECLARED_SELECTOR = YES;
				GCC_WARN_UNINITIALIZED_AUTOS = YES_AGGRESSIVE;
				GCC_WARN_UNUSED_FUNCTION = YES;
				GCC_WARN_UNUSED_VARIABLE = YES;
				MACOSX_DEPLOYMENT_TARGET = 10.14;
				MTL_ENABLE_DEBUG_INFO = NO;
				MTL_FAST_MATH = YES;
				SDKROOT = macosx;
			};
			name = Release;
		};
		3BFCD6D22286F98E008D7CCC /* Debug */ = {
			isa = XCBuildConfiguration;
			buildSettings = {
				CODE_SIGN_STYLE = Automatic;
				PRODUCT_NAME = "$(TARGET_NAME)";
			};
			name = Debug;
		};
		3BFCD6D32286F98E008D7CCC /* Release */ = {
			isa = XCBuildConfiguration;
			buildSettings = {
				CODE_SIGN_STYLE = Automatic;
				PRODUCT_NAME = "$(TARGET_NAME)";
			};
			name = Release;
		};
		3BFCD6E02287036C008D7CCC /* Debug */ = {
			isa = XCBuildConfiguration;
			buildSettings = {
				CODE_SIGN_STYLE = Automatic;
				PRODUCT_NAME = "$(TARGET_NAME)";
			};
			name = Debug;
		};
		3BFCD6E12287036C008D7CCC /* Release */ = {
			isa = XCBuildConfiguration;
			buildSettings = {
				CODE_SIGN_STYLE = Automatic;
				PRODUCT_NAME = "$(TARGET_NAME)";
			};
			name = Release;
		};
/* End XCBuildConfiguration section */

/* Begin XCConfigurationList section */
		3B1FFD1E2287F9EF00581BF4 /* Build configuration list for PBXNativeTarget "evenOdd" */ = {
			isa = XCConfigurationList;
			buildConfigurations = (
				3B1FFD1C2287F9EF00581BF4 /* Debug */,
				3B1FFD1D2287F9EF00581BF4 /* Release */,
			);
			defaultConfigurationIsVisible = 0;
			defaultConfigurationName = Release;
		};
		3B1FFD272287FE6400581BF4 /* Build configuration list for PBXNativeTarget "swap" */ = {
			isa = XCConfigurationList;
			buildConfigurations = (
				3B1FFD282287FE6400581BF4 /* Debug */,
				3B1FFD292287FE6400581BF4 /* Release */,
			);
			defaultConfigurationIsVisible = 0;
			defaultConfigurationName = Release;
		};
		3B74CBC722A93C840082B23B /* Build configuration list for PBXNativeTarget "ControlFlow" */ = {
			isa = XCConfigurationList;
			buildConfigurations = (
				3B74CBC522A93C840082B23B /* Debug */,
				3B74CBC622A93C840082B23B /* Release */,
			);
			defaultConfigurationIsVisible = 0;
			defaultConfigurationName = Release;
		};
		3B74CBD122A9417E0082B23B /* Build configuration list for PBXNativeTarget "CounterControlled" */ = {
			isa = XCConfigurationList;
			buildConfigurations = (
				3B74CBD222A9417E0082B23B /* Debug */,
				3B74CBD322A9417E0082B23B /* Release */,
			);
			defaultConfigurationIsVisible = 0;
			defaultConfigurationName = Release;
		};
		3B893D3A22A674010030BB73 /* Build configuration list for PBXNativeTarget "Classes" */ = {
			isa = XCConfigurationList;
			buildConfigurations = (
				3B893D3B22A674010030BB73 /* Debug */,
				3B893D3C22A674010030BB73 /* Release */,
			);
			defaultConfigurationIsVisible = 0;
			defaultConfigurationName = Release;
		};
		3BA3A979245C73A5003B0E40 /* Build configuration list for PBXNativeTarget "PassByReference" */ = {
			isa = XCConfigurationList;
			buildConfigurations = (
				3BA3A977245C73A5003B0E40 /* Debug */,
				3BA3A978245C73A5003B0E40 /* Release */,
			);
			defaultConfigurationIsVisible = 0;
			defaultConfigurationName = Release;
		};
		3BA3A982245C73D9003B0E40 /* Build configuration list for PBXNativeTarget "MathLibraryFunctions" */ = {
			isa = XCConfigurationList;
			buildConfigurations = (
				3BA3A983245C73D9003B0E40 /* Debug */,
				3BA3A984245C73D9003B0E40 /* Release */,
			);
			defaultConfigurationIsVisible = 0;
			defaultConfigurationName = Release;
		};
		3BA3A98D245C8CF5003B0E40 /* Build configuration list for PBXNativeTarget "functionTemplates" */ = {
			isa = XCConfigurationList;
			buildConfigurations = (
				3BA3A98E245C8CF5003B0E40 /* Debug */,
				3BA3A98F245C8CF5003B0E40 /* Release */,
			);
			defaultConfigurationIsVisible = 0;
			defaultConfigurationName = Release;
		};
		3BA3A99B245EE6CA003B0E40 /* Build configuration list for PBXNativeTarget "Arrays" */ = {
			isa = XCConfigurationList;
			buildConfigurations = (
				3BA3A999245EE6CA003B0E40 /* Debug */,
				3BA3A99A245EE6CA003B0E40 /* Release */,
			);
			defaultConfigurationIsVisible = 0;
			defaultConfigurationName = Release;
		};
		3BA3A9A4245F0578003B0E40 /* Build configuration list for PBXNativeTarget "GradeBook" */ = {
			isa = XCConfigurationList;
			buildConfigurations = (
				3BA3A9A5245F0578003B0E40 /* Debug */,
				3BA3A9A6245F0578003B0E40 /* Release */,
			);
			defaultConfigurationIsVisible = 0;
			defaultConfigurationName = Release;
		};
		3BCBCB3022883F9F0027905F /* Build configuration list for PBXNativeTarget "primeNumbers" */ = {
			isa = XCConfigurationList;
			buildConfigurations = (
				3BCBCB2E22883F9F0027905F /* Debug */,
				3BCBCB2F22883F9F0027905F /* Release */,
			);
			defaultConfigurationIsVisible = 0;
			defaultConfigurationName = Release;
		};
		3BCBCB3B228863400027905F /* Build configuration list for PBXNativeTarget "perfectNumbers" */ = {
			isa = XCConfigurationList;
			buildConfigurations = (
				3BCBCB39228863400027905F /* Debug */,
				3BCBCB3A228863400027905F /* Release */,
			);
			defaultConfigurationIsVisible = 0;
			defaultConfigurationName = Release;
		};
		3BCBCB442288782D0027905F /* Build configuration list for PBXNativeTarget "factorial" */ = {
			isa = XCConfigurationList;
			buildConfigurations = (
				3BCBCB452288782D0027905F /* Debug */,
				3BCBCB462288782D0027905F /* Release */,
			);
			defaultConfigurationIsVisible = 0;
			defaultConfigurationName = Release;
		};
		3BFCD6C52286F98E008D7CCC /* Build configuration list for PBXProject "Line23" */ = {
			isa = XCConfigurationList;
			buildConfigurations = (
				3BFCD6CF2286F98E008D7CCC /* Debug */,
				3BFCD6D02286F98E008D7CCC /* Release */,
			);
			defaultConfigurationIsVisible = 0;
			defaultConfigurationName = Release;
		};
		3BFCD6D12286F98E008D7CCC /* Build configuration list for PBXNativeTarget "Line23" */ = {
			isa = XCConfigurationList;
			buildConfigurations = (
				3BFCD6D22286F98E008D7CCC /* Debug */,
				3BFCD6D32286F98E008D7CCC /* Release */,
			);
			defaultConfigurationIsVisible = 0;
			defaultConfigurationName = Release;
		};
		3BFCD6DF2287036C008D7CCC /* Build configuration list for PBXNativeTarget "calc" */ = {
			isa = XCConfigurationList;
			buildConfigurations = (
				3BFCD6E02287036C008D7CCC /* Debug */,
				3BFCD6E12287036C008D7CCC /* Release */,
			);
			defaultConfigurationIsVisible = 0;
			defaultConfigurationName = Release;
		};
/* End XCConfigurationList section */
	};
	rootObject = 3BFCD6C22286F98E008D7CCC /* Project object */;
}
